
Microsoft Visual Studio Solution File, Format Version 12.00
# Visual Studio Version 16
VisualStudioVersion = 16.0.30621.155
MinimumVisualStudioVersion = 10.0.40219.1
Project("{FAE04EC0-301F-11D3-BF4B-00C04F79EFBC}") = "Shopee", "Shopee\Shopee.csproj", "{E5340742-A6CE-4582-A270-E5049ABCA21D}"
EndProject
Global
	GlobalSection(SolutionConfigurationPlatforms) = preSolution
		Debug|Any CPU = Debug|Any CPU
		Release|Any CPU = Release|Any CPU
	EndGlobalSection
	GlobalSection(ProjectConfigurationPlatforms) = postSolution
		{E5340742-A6CE-4582-A270-E5049ABCA21D}.Debug|Any CPU.ActiveCfg = Debug|Any CPU
		{E5340742-A6CE-4582-A270-E5049ABCA21D}.Debug|Any CPU.Build.0 = Debug|Any CPU
		{E5340742-A6CE-4582-A270-E5049ABCA21D}.Release|Any CPU.ActiveCfg = Release|Any CPU
		{E5340742-A6CE-4582-A270-E5049ABCA21D}.Release|Any CPU.Build.0 = Release|Any CPU
	EndGlobalSection
	GlobalSection(SolutionProperties) = preSolution
		HideSolutionNode = FALSE
	EndGlobalSection
	GlobalSection(ExtensibilityGlobals) = postSolution
		SolutionGuid = {6AEA0BB7-17B0-4987-9CA5-6ACDE8690741}
	EndGlobalSection
EndGlobal
